
Microsoft Visual Studio Solution File, Format Version 12.00
# Visual Studio 15
VisualStudioVersion = 15.0.27428.2037
MinimumVisualStudioVersion = 10.0.40219.1
Project("{FAE04EC0-301F-11D3-BF4B-00C04F79EFBC}") = "Practice_AES", "Practice_AES\Practice_AES.csproj", "{871CA539-5295-4690-AEA1-699715FF19E2}"
EndProject
Global
	GlobalSection(SolutionConfigurationPlatforms) = preSolution
		Debug|Any CPU = Debug|Any CPU
		Release|Any CPU = Release|Any CPU
	EndGlobalSection
	GlobalSection(ProjectConfigurationPlatforms) = postSolution
		{871CA539-5295-4690-AEA1-699715FF19E2}.Debug|Any CPU.ActiveCfg = Debug|Any CPU
		{871CA539-5295-4690-AEA1-699715FF19E2}.Debug|Any CPU.Build.0 = Debug|Any CPU
		{871CA539-5295-4690-AEA1-699715FF19E2}.Release|Any CPU.ActiveCfg = Release|Any CPU
		{871CA539-5295-4690-AEA1-699715FF19E2}.Release|Any CPU.Build.0 = Release|Any CPU
	EndGlobalSection
	GlobalSection(SolutionProperties) = preSolution
		HideSolutionNode = FALSE
	EndGlobalSection
	GlobalSection(ExtensibilityGlobals) = postSolution
		SolutionGuid = {6E539E74-7391-4697-827C-B6DB4A737E3B}
	EndGlobalSection
EndGlobal
